{
    "_meta": {
        "hash": {
            "sha256": "6542572c890808162bcaae20bca6a9e7eb22ce947a80f1de4a2235d3f8c210bc"
        },
        "pipfile-spec": 6,
        "requires": {
            "python_version": "3.10"
        },
        "sources": [
            {
                "name": "pypi",
                "url": "https://pypi.org/simple",
                "verify_ssl": true
            }
        ]
    },
    "default": {
        "numpy": {
            "hashes": [
                "sha256:17e5226674f6ea79e14e3b91bfbc153fdf3ac13f5cc54ee7bc8fdbe820a32da0",
                "sha256:2bd879d3ca4b6f39b7770829f73278b7c5e248c91d538aab1e506c628353e47f",
                "sha256:4f41f5bf20d9a521f8cab3a34557cd77b6f205ab2116651f12959714494268b0",
                "sha256:5593f67e66dea4e237f5af998d31a43e447786b2154ba1ad833676c788f37cde",
                "sha256:5e28cd64624dc2354a349152599e55308eb6ca95a13ce6a7d5679ebff2962913",
                "sha256:633679a472934b1c20a12ed0c9a6c9eb167fbb4cb89031939bfd03dd9dbc62b8",
                "sha256:806970e69106556d1dd200e26647e9bee5e2b3f1814f9da104a943e8d548ca38",
                "sha256:806cc25d5c43e240db709875e947076b2826f47c2c340a5a2f36da5bb10c58d6",
                "sha256:8247f01c4721479e482cc2f9f7d973f3f47810cbc8c65e38fd1bbd3141cc9842",
                "sha256:8ebf7e194b89bc66b78475bd3624d92980fca4e5bb86dda08d677d786fefc414",
                "sha256:8ecb818231afe5f0f568c81f12ce50f2b828ff2b27487520d85eb44c71313b9e",
                "sha256:8f9d84a24889ebb4c641a9b99e54adb8cab50972f0166a3abc14c3b93163f074",
                "sha256:909c56c4d4341ec8315291a105169d8aae732cfb4c250fbc375a1efb7a844f8f",
                "sha256:9b83d48e464f393d46e8dd8171687394d39bc5abfe2978896b77dc2604e8635d",
                "sha256:ac987b35df8c2a2eab495ee206658117e9ce867acf3ccb376a19e83070e69418",
                "sha256:b78d00e48261fbbd04aa0d7427cf78d18401ee0abd89c7559bbf422e5b1c7d01",
                "sha256:b8b97a8a87cadcd3f94659b4ef6ec056261fa1e1c3317f4193ac231d4df70215",
                "sha256:bd5b7ccae24e3d8501ee5563e82febc1771e73bd268eef82a1e8d2b4d556ae66",
                "sha256:bdc02c0235b261925102b1bd586579b7158e9d0d07ecb61148a1799214a4afd5",
                "sha256:be6b350dfbc7f708d9d853663772a9310783ea58f6035eec649fb9c4371b5389",
                "sha256:c403c81bb8ffb1c993d0165a11493fd4bf1353d258f6997b3ee288b0a48fce77",
                "sha256:cf8c6aed12a935abf2e290860af8e77b26a042eb7f2582ff83dc7ed5f963340c",
                "sha256:d98addfd3c8728ee8b2c49126f3c44c703e2b005d4a95998e2167af176a9e722",
                "sha256:dc76bca1ca98f4b122114435f83f1fcf3c0fe48e4e6f660e07996abf2f53903c",
                "sha256:dec198619b7dbd6db58603cd256e092bcadef22a796f778bf87f8592b468441d",
                "sha256:df28dda02c9328e122661f399f7655cdcbcf22ea42daa3650a26bce08a187450",
                "sha256:e603ca1fb47b913942f3e660a15e55a9ebca906857edfea476ae5f0fe9b457d5",
                "sha256:ecfdd68d334a6b97472ed032b5b37a30d8217c097acfff15e8452c710e775524"
            ],
            "index": "pypi",
            "version": "==1.23.2"
        },
        "pyqt6": {
            "hashes": [
                "sha256:115f809810c236af90352b4df4a9dfc79cbd05b7c0200c05886c8b3035c2847b",
                "sha256:8cc6e21dbaf7047d1fc897e396ccd9710a12f2ef976563dad65f06017d2c9757",
                "sha256:c87c909eeafc44ea911a94490d55055058f51a27ec5ca0e439a9feb943a73fd1",
                "sha256:f7ad13b44959b72c8d40fa1856470015fab3368983dd2c1c781d4061c45d96b3"
            ],
            "index": "pypi",
            "version": "==6.3.1"
        },
        "pyqt6-charts": {
            "hashes": [
                "sha256:6080c2c62bb32aa98b22121112d06a6f3abc91e7cdafc7b9a806964780526a7d",
                "sha256:65800729a5a820772f2737f2b567b2e4b571f655c2cae416a4953629d20f318d",
                "sha256:7bdcfe6b1e65872fadcbc92dbcf96618f12dfc0d3b60f96c7e29a803bd01fb60",
                "sha256:e6bbb17a3d5503508cb28a7b8f44dfedd659c43ff62adb64182a004fbd968f2f"
            ],
            "index": "pypi",
            "version": "==6.3.1"
        },
        "pyqt6-charts-qt6": {
            "hashes": [
                "sha256:730ad52c946479e5150aa59492bd5dee54414a0e37c54eb520bc1652462ffa6c",
                "sha256:b8ffa92e7c0ad1274ee1900817819db272ab8e20181541693837a0df18a4d8a3",
                "sha256:d8f6561b5cb04208a795c9083ca88a5d355a3479d827b5262988f07f1e5d10cb",
                "sha256:fb561ced68057fe7101b8c49dfc2491d6e6da55bb1595ec815814e2ac756833e"
            ],
            "version": "==6.3.1"
        },
        "pyqt6-qt6": {
            "hashes": [
                "sha256:07d4d825515c8d05ffc9fed002e4d9c861467cfff6f8c57ff1a89fe18f73b06d",
                "sha256:33d010c9ac85b7482b3f425fb1d00c1f5bf4422ff057dc848632c26eec96a2ca",
                "sha256:5db960e00cceb93762e6755026dbbe2e781d7e3bdcbc79e107db4d5557041421",
                "sha256:731e472addf9e0aca32e27577ac3d6a98e3e8e8723d352714366c47abe9294af"
            ],
            "version": "==6.3.1"
        },
        "pyqt6-sip": {
            "hashes": [
                "sha256:2694ae67811cefb6ea3ee0e9995755b45e4952f4dcadec8c04300fd828f91c75",
                "sha256:3486914137f5336cff6e10a5e9d52c1e60ff883473938b45f267f794daeacb2f",
                "sha256:3ac7e0800180202dcc0c7035ff88c2a6f4a0f5acb20c4a19f71d807d0f7857b7",
                "sha256:3de18c4a32f717a351d560a39f528af24077f5135aacfa8890a2f2d79f0633da",
                "sha256:6d87a3ee5872d7511b76957d68a32109352caf3b7a42a01d9ee20032b350d979",
                "sha256:802b0cfed19900183220c46895c2635f0dd062f2d275a25506423f911ef74db4",
                "sha256:83b446d247a92d119d507dbc94fc1f47389d8118a5b6232a2859951157319a30",
                "sha256:9c5231536e6153071b22175e46e368045fd08d772a90d772a0977d1166c7822c",
                "sha256:9e03c780846fd5d71c06e33322fd11a05713d9cd410e3571d069ac9a84077647",
                "sha256:bb4f2e2fdcf3a8dafe4256750bbedd9e7107c4fd8afa9c25be28423c36bb12b8",
                "sha256:cfdcd43e123bd55c155cfe7a33895033e6d25de90a48ed9c25a0ddd0196a810e",
                "sha256:de601187055d684b36ebe6e800a5deacaa55b69d71ad43312b76422cfeae0e12",
                "sha256:fd2df2a9479b8ac858117bd55dc0ec0bd1ce6c8f3486b0cc5e860c0540a8bba0"
            ],
            "markers": "python_version >= '3.7'",
            "version": "==13.4.0"
        }
    },
    "develop": {}
}
